// !$*UTF8*$!
{
	archiveVersion = 1;
	classes = {
	};
	objectVersion = 77;
	objects = {

/* Begin PBXBuildFile section */
		0354D77B77DA8CF44A85BC61 /* APIClient.swift in Sources */ = {isa = PBXBuildFile; fileRef = C12BBDEC78ED331F0E2CB5ED /* APIClient.swift */; };
		102C5BA6B0579F7908648EBB /* AppConfiguration.swift in Sources */ = {isa = PBXBuildFile; fileRef = 0A77E62DDC9D5370381E585E /* AppConfiguration.swift */; };
		10AEFAB381766B360B653A04 /* ConfigurationTests.swift in Sources */ = {isa = PBXBuildFile; fileRef = A03502DE59BD9529C18D8EB1 /* ConfigurationTests.swift */; };
		16182A8CF2C5405A40755535 /* RoomIdentity.swift in Sources */ = {isa = PBXBuildFile; fileRef = A14C530522D47CAF6B969690 /* RoomIdentity.swift */; };
		18AEEA2E933D3C3581E4DC05 /* CredentialStoreTests.swift in Sources */ = {isa = PBXBuildFile; fileRef = 85D8C3D89150F3080B662D74 /* CredentialStoreTests.swift */; };
		198D7085FE0DF26A0F043E5E /* MeetingViewModel.swift in Sources */ = {isa = PBXBuildFile; fileRef = 8F8C97DE82CF6CFF8F2E1507 /* MeetingViewModel.swift */; };
		1DB6134B7942657C3ADC434D /* ChatView.swift in Sources */ = {isa = PBXBuildFile; fileRef = 257249EBE21BE750AAA372B4 /* ChatView.swift */; };
		1DB998BE4E6598175A346AE0 /* MeetingView.swift in Sources */ = {isa = PBXBuildFile; fileRef = AC46A822A9E540557B73A524 /* MeetingView.swift */; };
		1FFD0B51081E031D458B1489 /* PreJoinViewModel.swift in Sources */ = {isa = PBXBuildFile; fileRef = 6662168FFEAD6013B0AB912F /* PreJoinViewModel.swift */; };
		2B4333CAAA67C7D88430C0A2 /* URLProtocolStub.swift in Sources */ = {isa = PBXBuildFile; fileRef = A604FC9CEB6FB5297554D097 /* URLProtocolStub.swift */; };
		307D006D34D0CA0514164CEB /* PreJoinView.swift in Sources */ = {isa = PBXBuildFile; fileRef = EC3E6A0E079FA1D503653BFA /* PreJoinView.swift */; };
		3280D7A5ED8F082AEF9A1500 /* MeetingError.swift in Sources */ = {isa = PBXBuildFile; fileRef = 7442A85CDE1BBC37B4B95CE9 /* MeetingError.swift */; };
		35DE2DAC1A65FE387CCA3BF2 /* AppCoordinatorTests.swift in Sources */ = {isa = PBXBuildFile; fileRef = 2BF7402A3DCC0F5AC1F96264 /* AppCoordinatorTests.swift */; };
		36057E669340E5CB0873A8EF /* MediaKeyCompatibilityTests.swift in Sources */ = {isa = PBXBuildFile; fileRef = E5AB15001CC5157BB1063F7C /* MediaKeyCompatibilityTests.swift */; };
		38A2CE63CF088A69DA95F5BC /* AppLogger.swift in Sources */ = {isa = PBXBuildFile; fileRef = B4E036D1C2572BED9C58D195 /* AppLogger.swift */; };
		392783BAF6B940A95733DA7C /* LiveKitTransportContractTests.swift in Sources */ = {isa = PBXBuildFile; fileRef = C44D26A00FB38D60A21235FD /* LiveKitTransportContractTests.swift */; };
		3A8F992C3460F9E227A45713 /* ChatMessage.swift in Sources */ = {isa = PBXBuildFile; fileRef = 328AAFEF591DDA3C2EED2754 /* ChatMessage.swift */; };
		3BEFA2E14A04A6E2914D2EDF /* MeetingViewModelTests.swift in Sources */ = {isa = PBXBuildFile; fileRef = C8988AD7F0DC476BE96B34BE /* MeetingViewModelTests.swift */; };
		46AFCCB28FAD141A5F745F20 /* project.yml in Resources */ = {isa = PBXBuildFile; fileRef = 47033673FBFB338699E7C0CE /* project.yml */; };
		496067E567204CA341BDBB87 /* HomeView.swift in Sources */ = {isa = PBXBuildFile; fileRef = 1E39AD65CE784064C5350788 /* HomeView.swift */; };
		504E9B2B5EE8602C2C56CA6A /* MessageCipherTests.swift in Sources */ = {isa = PBXBuildFile; fileRef = 219701CD7361B43FA78717E1 /* MessageCipherTests.swift */; };
		5E3A433F945F915A2EE4ECF3 /* AppTheme.swift in Sources */ = {isa = PBXBuildFile; fileRef = 5ACBF2C50ADCD3EBAE6F7B0E /* AppTheme.swift */; };
		6215CE517B37C4028714D679 /* LiveKit in Frameworks */ = {isa = PBXBuildFile; productRef = E3D8B6088F6B4F9D08165F6E /* LiveKit */; };
		666F8F74F2843A45E17C8080 /* HomeViewModelTests.swift in Sources */ = {isa = PBXBuildFile; fileRef = A330B821E0BC3DF332FA1F3F /* HomeViewModelTests.swift */; };
		6B6C17841C817278240B7CAA /* RoomCrypto.swift in Sources */ = {isa = PBXBuildFile; fileRef = 76ED7E9D34A24A0D38BE46CE /* RoomCrypto.swift */; };
		6CCC0A81CA1FF0FAA06BA117 /* MessageCipher.swift in Sources */ = {isa = PBXBuildFile; fileRef = F9B623C3C0A850C2486F2347 /* MessageCipher.swift */; };
		727E6B8143F5707937653965 /* RoomIdentityTests.swift in Sources */ = {isa = PBXBuildFile; fileRef = B4F401DE63FC20D1CBCFD6ED /* RoomIdentityTests.swift */; };
		79658C1930B9C0612F86E6A6 /* MeetingToolbar.swift in Sources */ = {isa = PBXBuildFile; fileRef = C71D075F213F78BB8B28936A /* MeetingToolbar.swift */; };
		81AE1CA1501B5F868FDE8365 /* NMEUITests.swift in Sources */ = {isa = PBXBuildFile; fileRef = 7E6F5CA1C3A50D603884DF0B /* NMEUITests.swift */; };
		82C78FDEB792DCA3B7D48F3F /* MeetingModels.swift in Sources */ = {isa = PBXBuildFile; fileRef = 8CB9CA56FD5407316FAE9040 /* MeetingModels.swift */; };
		86DD2A03E31993CA39C71A14 /* PreJoinViewModelTests.swift in Sources */ = {isa = PBXBuildFile; fileRef = 7880B53068F91A5E8B4E1D34 /* PreJoinViewModelTests.swift */; };
		8BC220BBEB2375ABB53DD317 /* MeetingSessionProtocol.swift in Sources */ = {isa = PBXBuildFile; fileRef = 1114A68FFA9B75EAE8CDC4FB /* MeetingSessionProtocol.swift */; };
		91FC0AC67E0FF8C421AF6248 /* AppLaunchTests.swift in Sources */ = {isa = PBXBuildFile; fileRef = C1D8A23355171456326DF25A /* AppLaunchTests.swift */; };
		938A6085881083F80EBF199C /* PrivacyInfo.xcprivacy in Resources */ = {isa = PBXBuildFile; fileRef = F0D022A598AA3F2011516734 /* PrivacyInfo.xcprivacy */; };
		98920E9BC0B428F2F92DC137 /* APIClientTests.swift in Sources */ = {isa = PBXBuildFile; fileRef = A434AABDFCFF4ED8A0456014 /* APIClientTests.swift */; };
		9BDE940E57C132608FA00464 /* apple-app-site-association in Resources */ = {isa = PBXBuildFile; fileRef = FDCE1AA70AA444A46E3C9C97 /* apple-app-site-association */; };
		9CFE8C3C4E9AC1A85516E7D9 /* NME.entitlements in Resources */ = {isa = PBXBuildFile; fileRef = BCF08F1F8BFCC2CC42B7DAFF /* NME.entitlements */; };
		9E72B7AB0300E48BBDFCD4F8 /* APIModels.swift in Sources */ = {isa = PBXBuildFile; fileRef = 50B3B188DF283F0B10571AE7 /* APIModels.swift */; };
		A4CF34F15586F8FD5CFF0F46 /* PreviewController.swift in Sources */ = {isa = PBXBuildFile; fileRef = D14A8CC6AA7873C16526021F /* PreviewController.swift */; };
		B09F2C2C6E24AA1DD0CC8E57 /* CredentialStore.swift in Sources */ = {isa = PBXBuildFile; fileRef = 0EF1C3D1DA9C8463E0DA8CD7 /* CredentialStore.swift */; };
		B0F635D9B358801D394543D1 /* Assets.xcassets in Resources */ = {isa = PBXBuildFile; fileRef = 2731796EABFFE88824E6EBD5 /* Assets.xcassets */; };
		B17B87E86B19CAF6D722F9E3 /* KeychainClient.swift in Sources */ = {isa = PBXBuildFile; fileRef = 6EE6E094C06786D7A494558D /* KeychainClient.swift */; };
		B3015C77742ED05D57FCFACD /* NMEApp.swift in Sources */ = {isa = PBXBuildFile; fileRef = 0D5C1FFDCF5F0A5A5E090655 /* NMEApp.swift */; };
		BEB261E052E5DC5C97CCDB37 /* HomeViewModel.swift in Sources */ = {isa = PBXBuildFile; fileRef = CC85B422A1A947CC2953B1A7 /* HomeViewModel.swift */; };
		C5351CBFD5FACC599F377C91 /* MediaEncryptionConfiguration.swift in Sources */ = {isa = PBXBuildFile; fileRef = 3E7AD081674D1E14944CB0F2 /* MediaEncryptionConfiguration.swift */; };
		CF599AB9CB8D85F4CA2D9A00 /* AppEnvironment.swift in Sources */ = {isa = PBXBuildFile; fileRef = 6595ECB6A127729589CC740A /* AppEnvironment.swift */; };
		CFBAE4FF6A9D63253894C97E /* AppCoordinator.swift in Sources */ = {isa = PBXBuildFile; fileRef = A6FD498189E875B87BD8C6C3 /* AppCoordinator.swift */; };
		D28424B8E3E78F172FA1602B /* LiveKitWireContract.swift in Sources */ = {isa = PBXBuildFile; fileRef = 49AD3A539B1EE444F7C7442E /* LiveKitWireContract.swift */; };
		DC13B011F606767E2F63C0E4 /* MeetingSessionTests.swift in Sources */ = {isa = PBXBuildFile; fileRef = 0E7277C69B01AD547DE2AC06 /* MeetingSessionTests.swift */; };
		DE9A7107964ACB9DFA957C16 /* ParticipantAccessPolicy.swift in Sources */ = {isa = PBXBuildFile; fileRef = 5647BC1FA016A7FB9F41B56E /* ParticipantAccessPolicy.swift */; };
		EAA09E5C3EBE04E318E4F5F7 /* MeetingSession.swift in Sources */ = {isa = PBXBuildFile; fileRef = 4CF87392007E61DF4CF50BBB /* MeetingSession.swift */; };
		EB0860EDF7CD69CEF1225C12 /* AudioLifecycleTests.swift in Sources */ = {isa = PBXBuildFile; fileRef = 07FE783334F76939E61FC0E4 /* AudioLifecycleTests.swift */; };
		EB41A90EF483BF00F9EA0569 /* ParticipantTile.swift in Sources */ = {isa = PBXBuildFile; fileRef = 6C4CD444164BB741E65AC636 /* ParticipantTile.swift */; };
		EFF8ABA2DD9849015B3E67C7 /* AudioLifecycle.swift in Sources */ = {isa = PBXBuildFile; fileRef = 5193720437B3D164148534F6 /* AudioLifecycle.swift */; };
		F31B69B646C483BAB9BBB677 /* LiveKitMeetingEngine.swift in Sources */ = {isa = PBXBuildFile; fileRef = FD7A894026701D662A74F424 /* LiveKitMeetingEngine.swift */; };
/* End PBXBuildFile section */

/* Begin PBXContainerItemProxy section */
		C191323A08D94450C26AB8FC /* PBXContainerItemProxy */ = {
			isa = PBXContainerItemProxy;
			containerPortal = ADD2717789C5F727C45BFD2A /* Project object */;
			proxyType = 1;
			remoteGlobalIDString = 5316E629CBE82509273FA8EE;
			remoteInfo = NME;
		};
		C8DE36F0C31BC51B358EC6E7 /* PBXContainerItemProxy */ = {
			isa = PBXContainerItemProxy;
			containerPortal = ADD2717789C5F727C45BFD2A /* Project object */;
			proxyType = 1;
			remoteGlobalIDString = 5316E629CBE82509273FA8EE;
			remoteInfo = NME;
		};
/* End PBXContainerItemProxy section */

/* Begin PBXFileReference section */
		07FE783334F76939E61FC0E4 /* AudioLifecycleTests.swift */ = {isa = PBXFileReference; lastKnownFileType = sourcecode.swift; path = AudioLifecycleTests.swift; sourceTree = "<group>"; };
		0A77E62DDC9D5370381E585E /* AppConfiguration.swift */ = {isa = PBXFileReference; lastKnownFileType = sourcecode.swift; path = AppConfiguration.swift; sourceTree = "<group>"; };
		0D5C1FFDCF5F0A5A5E090655 /* NMEApp.swift */ = {isa = PBXFileReference; lastKnownFileType = sourcecode.swift; path = NMEApp.swift; sourceTree = "<group>"; };
		0E7277C69B01AD547DE2AC06 /* MeetingSessionTests.swift */ = {isa = PBXFileReference; lastKnownFileType = sourcecode.swift; path = MeetingSessionTests.swift; sourceTree = "<group>"; };
		0EF1C3D1DA9C8463E0DA8CD7 /* CredentialStore.swift */ = {isa = PBXFileReference; lastKnownFileType = sourcecode.swift; path = CredentialStore.swift; sourceTree = "<group>"; };
		1114A68FFA9B75EAE8CDC4FB /* MeetingSessionProtocol.swift */ = {isa = PBXFileReference; lastKnownFileType = sourcecode.swift; path = MeetingSessionProtocol.swift; sourceTree = "<group>"; };
		1E39AD65CE784064C5350788 /* HomeView.swift */ = {isa = PBXFileReference; lastKnownFileType = sourcecode.swift; path = HomeView.swift; sourceTree = "<group>"; };
		1F35F9F9484A493AB6EE7C5B /* NME.app */ = {isa = PBXFileReference; includeInIndex = 0; lastKnownFileType = wrapper.application; path = NME.app; sourceTree = BUILT_PRODUCTS_DIR; };
		219701CD7361B43FA78717E1 /* MessageCipherTests.swift */ = {isa = PBXFileReference; lastKnownFileType = sourcecode.swift; path = MessageCipherTests.swift; sourceTree = "<group>"; };
		22A457F9B4315F0E5EB5F05A /* Release.xcconfig */ = {isa = PBXFileReference; lastKnownFileType = text.xcconfig; path = Release.xcconfig; sourceTree = "<group>"; };
		257249EBE21BE750AAA372B4 /* ChatView.swift */ = {isa = PBXFileReference; lastKnownFileType = sourcecode.swift; path = ChatView.swift; sourceTree = "<group>"; };
		2731796EABFFE88824E6EBD5 /* Assets.xcassets */ = {isa = PBXFileReference; lastKnownFileType = folder.assetcatalog; path = Assets.xcassets; sourceTree = "<group>"; };
		2BF7402A3DCC0F5AC1F96264 /* AppCoordinatorTests.swift */ = {isa = PBXFileReference; lastKnownFileType = sourcecode.swift; path = AppCoordinatorTests.swift; sourceTree = "<group>"; };
		328AAFEF591DDA3C2EED2754 /* ChatMessage.swift */ = {isa = PBXFileReference; lastKnownFileType = sourcecode.swift; path = ChatMessage.swift; sourceTree = "<group>"; };
		3E7AD081674D1E14944CB0F2 /* MediaEncryptionConfiguration.swift */ = {isa = PBXFileReference; lastKnownFileType = sourcecode.swift; path = MediaEncryptionConfiguration.swift; sourceTree = "<group>"; };
		47033673FBFB338699E7C0CE /* project.yml */ = {isa = PBXFileReference; lastKnownFileType = text.yaml; path = project.yml; sourceTree = "<group>"; };
		49AD3A539B1EE444F7C7442E /* LiveKitWireContract.swift */ = {isa = PBXFileReference; lastKnownFileType = sourcecode.swift; path = LiveKitWireContract.swift; sourceTree = "<group>"; };
		4CEFE8672C6A260F930DE895 /* Debug.xcconfig */ = {isa = PBXFileReference; lastKnownFileType = text.xcconfig; path = Debug.xcconfig; sourceTree = "<group>"; };
		4CF87392007E61DF4CF50BBB /* MeetingSession.swift */ = {isa = PBXFileReference; lastKnownFileType = sourcecode.swift; path = MeetingSession.swift; sourceTree = "<group>"; };
		50B3B188DF283F0B10571AE7 /* APIModels.swift */ = {isa = PBXFileReference; lastKnownFileType = sourcecode.swift; path = APIModels.swift; sourceTree = "<group>"; };
		5193720437B3D164148534F6 /* AudioLifecycle.swift */ = {isa = PBXFileReference; lastKnownFileType = sourcecode.swift; path = AudioLifecycle.swift; sourceTree = "<group>"; };
		5647BC1FA016A7FB9F41B56E /* ParticipantAccessPolicy.swift */ = {isa = PBXFileReference; lastKnownFileType = sourcecode.swift; path = ParticipantAccessPolicy.swift; sourceTree = "<group>"; };
		5ACBF2C50ADCD3EBAE6F7B0E /* AppTheme.swift */ = {isa = PBXFileReference; lastKnownFileType = sourcecode.swift; path = AppTheme.swift; sourceTree = "<group>"; };
		6595ECB6A127729589CC740A /* AppEnvironment.swift */ = {isa = PBXFileReference; lastKnownFileType = sourcecode.swift; path = AppEnvironment.swift; sourceTree = "<group>"; };
		6662168FFEAD6013B0AB912F /* PreJoinViewModel.swift */ = {isa = PBXFileReference; lastKnownFileType = sourcecode.swift; path = PreJoinViewModel.swift; sourceTree = "<group>"; };
		6C4CD444164BB741E65AC636 /* ParticipantTile.swift */ = {isa = PBXFileReference; lastKnownFileType = sourcecode.swift; path = ParticipantTile.swift; sourceTree = "<group>"; };
		6EE6E094C06786D7A494558D /* KeychainClient.swift */ = {isa = PBXFileReference; lastKnownFileType = sourcecode.swift; path = KeychainClient.swift; sourceTree = "<group>"; };
		7442A85CDE1BBC37B4B95CE9 /* MeetingError.swift */ = {isa = PBXFileReference; lastKnownFileType = sourcecode.swift; path = MeetingError.swift; sourceTree = "<group>"; };
		76ED7E9D34A24A0D38BE46CE /* RoomCrypto.swift */ = {isa = PBXFileReference; lastKnownFileType = sourcecode.swift; path = RoomCrypto.swift; sourceTree = "<group>"; };
		7880B53068F91A5E8B4E1D34 /* PreJoinViewModelTests.swift */ = {isa = PBXFileReference; lastKnownFileType = sourcecode.swift; path = PreJoinViewModelTests.swift; sourceTree = "<group>"; };
		7E6F5CA1C3A50D603884DF0B /* NMEUITests.swift */ = {isa = PBXFileReference; lastKnownFileType = sourcecode.swift; path = NMEUITests.swift; sourceTree = "<group>"; };
		85D8C3D89150F3080B662D74 /* CredentialStoreTests.swift */ = {isa = PBXFileReference; lastKnownFileType = sourcecode.swift; path = CredentialStoreTests.swift; sourceTree = "<group>"; };
		8CB9CA56FD5407316FAE9040 /* MeetingModels.swift */ = {isa = PBXFileReference; lastKnownFileType = sourcecode.swift; path = MeetingModels.swift; sourceTree = "<group>"; };
		8F8C97DE82CF6CFF8F2E1507 /* MeetingViewModel.swift */ = {isa = PBXFileReference; lastKnownFileType = sourcecode.swift; path = MeetingViewModel.swift; sourceTree = "<group>"; };
		A03502DE59BD9529C18D8EB1 /* ConfigurationTests.swift */ = {isa = PBXFileReference; lastKnownFileType = sourcecode.swift; path = ConfigurationTests.swift; sourceTree = "<group>"; };
		A14C530522D47CAF6B969690 /* RoomIdentity.swift */ = {isa = PBXFileReference; lastKnownFileType = sourcecode.swift; path = RoomIdentity.swift; sourceTree = "<group>"; };
		A330B821E0BC3DF332FA1F3F /* HomeViewModelTests.swift */ = {isa = PBXFileReference; lastKnownFileType = sourcecode.swift; path = HomeViewModelTests.swift; sourceTree = "<group>"; };
		A434AABDFCFF4ED8A0456014 /* APIClientTests.swift */ = {isa = PBXFileReference; lastKnownFileType = sourcecode.swift; path = APIClientTests.swift; sourceTree = "<group>"; };
		A604FC9CEB6FB5297554D097 /* URLProtocolStub.swift */ = {isa = PBXFileReference; lastKnownFileType = sourcecode.swift; path = URLProtocolStub.swift; sourceTree = "<group>"; };
		A6FD498189E875B87BD8C6C3 /* AppCoordinator.swift */ = {isa = PBXFileReference; lastKnownFileType = sourcecode.swift; path = AppCoordinator.swift; sourceTree = "<group>"; };
		AC46A822A9E540557B73A524 /* MeetingView.swift */ = {isa = PBXFileReference; lastKnownFileType = sourcecode.swift; path = MeetingView.swift; sourceTree = "<group>"; };
		B4E036D1C2572BED9C58D195 /* AppLogger.swift */ = {isa = PBXFileReference; lastKnownFileType = sourcecode.swift; path = AppLogger.swift; sourceTree = "<group>"; };
		B4F401DE63FC20D1CBCFD6ED /* RoomIdentityTests.swift */ = {isa = PBXFileReference; lastKnownFileType = sourcecode.swift; path = RoomIdentityTests.swift; sourceTree = "<group>"; };
		BC26256D67FAE849D605918A /* NMEUITests.xctest */ = {isa = PBXFileReference; includeInIndex = 0; lastKnownFileType = wrapper.cfbundle; path = NMEUITests.xctest; sourceTree = BUILT_PRODUCTS_DIR; };
		BCF08F1F8BFCC2CC42B7DAFF /* NME.entitlements */ = {isa = PBXFileReference; lastKnownFileType = text.plist.entitlements; path = NME.entitlements; sourceTree = "<group>"; };
		C12BBDEC78ED331F0E2CB5ED /* APIClient.swift */ = {isa = PBXFileReference; lastKnownFileType = sourcecode.swift; path = APIClient.swift; sourceTree = "<group>"; };
		C1D8A23355171456326DF25A /* AppLaunchTests.swift */ = {isa = PBXFileReference; lastKnownFileType = sourcecode.swift; path = AppLaunchTests.swift; sourceTree = "<group>"; };
		C44D26A00FB38D60A21235FD /* LiveKitTransportContractTests.swift */ = {isa = PBXFileReference; lastKnownFileType = sourcecode.swift; path = LiveKitTransportContractTests.swift; sourceTree = "<group>"; };
		C71D075F213F78BB8B28936A /* MeetingToolbar.swift */ = {isa = PBXFileReference; lastKnownFileType = sourcecode.swift; path = MeetingToolbar.swift; sourceTree = "<group>"; };
		C8988AD7F0DC476BE96B34BE /* MeetingViewModelTests.swift */ = {isa = PBXFileReference; lastKnownFileType = sourcecode.swift; path = MeetingViewModelTests.swift; sourceTree = "<group>"; };
		CC85B422A1A947CC2953B1A7 /* HomeViewModel.swift */ = {isa = PBXFileReference; lastKnownFileType = sourcecode.swift; path = HomeViewModel.swift; sourceTree = "<group>"; };
		D14A8CC6AA7873C16526021F /* PreviewController.swift */ = {isa = PBXFileReference; lastKnownFileType = sourcecode.swift; path = PreviewController.swift; sourceTree = "<group>"; };
		DEEC62A055165C28704956C2 /* NMETests.xctest */ = {isa = PBXFileReference; includeInIndex = 0; lastKnownFileType = wrapper.cfbundle; path = NMETests.xctest; sourceTree = BUILT_PRODUCTS_DIR; };
		E5AB15001CC5157BB1063F7C /* MediaKeyCompatibilityTests.swift */ = {isa = PBXFileReference; lastKnownFileType = sourcecode.swift; path = MediaKeyCompatibilityTests.swift; sourceTree = "<group>"; };
		EC3E6A0E079FA1D503653BFA /* PreJoinView.swift */ = {isa = PBXFileReference; lastKnownFileType = sourcecode.swift; path = PreJoinView.swift; sourceTree = "<group>"; };
		F0D022A598AA3F2011516734 /* PrivacyInfo.xcprivacy */ = {isa = PBXFileReference; path = PrivacyInfo.xcprivacy; sourceTree = "<group>"; };
		F9B623C3C0A850C2486F2347 /* MessageCipher.swift */ = {isa = PBXFileReference; lastKnownFileType = sourcecode.swift; path = MessageCipher.swift; sourceTree = "<group>"; };
		FD7A894026701D662A74F424 /* LiveKitMeetingEngine.swift */ = {isa = PBXFileReference; lastKnownFileType = sourcecode.swift; path = LiveKitMeetingEngine.swift; sourceTree = "<group>"; };
		FDCE1AA70AA444A46E3C9C97 /* apple-app-site-association */ = {isa = PBXFileReference; path = "apple-app-site-association"; sourceTree = "<group>"; };
/* End PBXFileReference section */

/* Begin PBXFrameworksBuildPhase section */
		07F961A58D1658282502FA51 /* Frameworks */ = {
			isa = PBXFrameworksBuildPhase;
			buildActionMask = 2147483647;
			files = (
				6215CE517B37C4028714D679 /* LiveKit in Frameworks */,
			);
			runOnlyForDeploymentPostprocessing = 0;
		};
/* End PBXFrameworksBuildPhase section */

/* Begin PBXGroup section */
		0BDBA1852501E01BD72DA6B3 /* PreJoin */ = {
			isa = PBXGroup;
			children = (
				EC3E6A0E079FA1D503653BFA /* PreJoinView.swift */,
				6662168FFEAD6013B0AB912F /* PreJoinViewModel.swift */,
			);
			path = PreJoin;
			sourceTree = "<group>";
		};
		11627E4372E8191D33EEC464 /* App */ = {
			isa = PBXGroup;
			children = (
				0A77E62DDC9D5370381E585E /* AppConfiguration.swift */,
				A6FD498189E875B87BD8C6C3 /* AppCoordinator.swift */,
				6595ECB6A127729589CC740A /* AppEnvironment.swift */,
				5ACBF2C50ADCD3EBAE6F7B0E /* AppTheme.swift */,
				0D5C1FFDCF5F0A5A5E090655 /* NMEApp.swift */,
			);
			path = App;
			sourceTree = "<group>";
		};
		138BD4893B01AB5038C9F449 /* NME */ = {
			isa = PBXGroup;
			children = (
				11627E4372E8191D33EEC464 /* App */,
				D410486420B473BBB90B087B /* Crypto */,
				E0D4C5D1AD8363489D247DFA /* Domain */,
				C7D41EF838BDDD53430A3D8D /* Features */,
				6901C82D4E285EBAD91B24A6 /* Infrastructure */,
				2992EAC4A6C5DA2085248E7C /* Meeting */,
				1E26300D2688BCFD63B5479C /* Resources */,
			);
			path = NME;
			sourceTree = "<group>";
		};
		1E26300D2688BCFD63B5479C /* Resources */ = {
			isa = PBXGroup;
			children = (
				2731796EABFFE88824E6EBD5 /* Assets.xcassets */,
				BCF08F1F8BFCC2CC42B7DAFF /* NME.entitlements */,
				F0D022A598AA3F2011516734 /* PrivacyInfo.xcprivacy */,
			);
			path = Resources;
			sourceTree = "<group>";
		};
		291C63CB179038DC328AB554 = {
			isa = PBXGroup;
			children = (
				928B32FD9BF93F2A90CAC199 /* .well-known */,
				6A1B37EE049B532C9578ACAA /* Configuration */,
				138BD4893B01AB5038C9F449 /* NME */,
				494323C6231E7B3B4984E7C3 /* NMETests */,
				5C6C08BE3E291E74C807E671 /* NMEUITests */,
				47033673FBFB338699E7C0CE /* project.yml */,
				74B32FF5BFA65DE4BCEC9300 /* Products */,
			);
			sourceTree = "<group>";
		};
		2992EAC4A6C5DA2085248E7C /* Meeting */ = {
			isa = PBXGroup;
			children = (
				5193720437B3D164148534F6 /* AudioLifecycle.swift */,
				FD7A894026701D662A74F424 /* LiveKitMeetingEngine.swift */,
				49AD3A539B1EE444F7C7442E /* LiveKitWireContract.swift */,
				3E7AD081674D1E14944CB0F2 /* MediaEncryptionConfiguration.swift */,
				4CF87392007E61DF4CF50BBB /* MeetingSession.swift */,
				1114A68FFA9B75EAE8CDC4FB /* MeetingSessionProtocol.swift */,
				5647BC1FA016A7FB9F41B56E /* ParticipantAccessPolicy.swift */,
				D14A8CC6AA7873C16526021F /* PreviewController.swift */,
			);
			path = Meeting;
			sourceTree = "<group>";
		};
		3F4DD8FEFC4E932F64375FD3 /* Chat */ = {
			isa = PBXGroup;
			children = (
				257249EBE21BE750AAA372B4 /* ChatView.swift */,
			);
			path = Chat;
			sourceTree = "<group>";
		};
		494323C6231E7B3B4984E7C3 /* NMETests */ = {
			isa = PBXGroup;
			children = (
				A434AABDFCFF4ED8A0456014 /* APIClientTests.swift */,
				2BF7402A3DCC0F5AC1F96264 /* AppCoordinatorTests.swift */,
				C1D8A23355171456326DF25A /* AppLaunchTests.swift */,
				07FE783334F76939E61FC0E4 /* AudioLifecycleTests.swift */,
				A03502DE59BD9529C18D8EB1 /* ConfigurationTests.swift */,
				85D8C3D89150F3080B662D74 /* CredentialStoreTests.swift */,
				A330B821E0BC3DF332FA1F3F /* HomeViewModelTests.swift */,
				C44D26A00FB38D60A21235FD /* LiveKitTransportContractTests.swift */,
				E5AB15001CC5157BB1063F7C /* MediaKeyCompatibilityTests.swift */,
				0E7277C69B01AD547DE2AC06 /* MeetingSessionTests.swift */,
				C8988AD7F0DC476BE96B34BE /* MeetingViewModelTests.swift */,
				219701CD7361B43FA78717E1 /* MessageCipherTests.swift */,
				7880B53068F91A5E8B4E1D34 /* PreJoinViewModelTests.swift */,
				B4F401DE63FC20D1CBCFD6ED /* RoomIdentityTests.swift */,
				A604FC9CEB6FB5297554D097 /* URLProtocolStub.swift */,
			);
			path = NMETests;
			sourceTree = "<group>";
		};
		58348762C784135A6A377120 /* Home */ = {
			isa = PBXGroup;
			children = (
				1E39AD65CE784064C5350788 /* HomeView.swift */,
				CC85B422A1A947CC2953B1A7 /* HomeViewModel.swift */,
			);
			path = Home;
			sourceTree = "<group>";
		};
		59D87923AD969A0CA7387B9B /* Meeting */ = {
			isa = PBXGroup;
			children = (
				C71D075F213F78BB8B28936A /* MeetingToolbar.swift */,
				AC46A822A9E540557B73A524 /* MeetingView.swift */,
				8F8C97DE82CF6CFF8F2E1507 /* MeetingViewModel.swift */,
				6C4CD444164BB741E65AC636 /* ParticipantTile.swift */,
			);
			path = Meeting;
			sourceTree = "<group>";
		};
		5C6C08BE3E291E74C807E671 /* NMEUITests */ = {
			isa = PBXGroup;
			children = (
				7E6F5CA1C3A50D603884DF0B /* NMEUITests.swift */,
			);
			path = NMEUITests;
			sourceTree = "<group>";
		};
		6901C82D4E285EBAD91B24A6 /* Infrastructure */ = {
			isa = PBXGroup;
			children = (
				C12BBDEC78ED331F0E2CB5ED /* APIClient.swift */,
				50B3B188DF283F0B10571AE7 /* APIModels.swift */,
				B4E036D1C2572BED9C58D195 /* AppLogger.swift */,
				0EF1C3D1DA9C8463E0DA8CD7 /* CredentialStore.swift */,
				6EE6E094C06786D7A494558D /* KeychainClient.swift */,
			);
			path = Infrastructure;
			sourceTree = "<group>";
		};
		6A1B37EE049B532C9578ACAA /* Configuration */ = {
			isa = PBXGroup;
			children = (
				4CEFE8672C6A260F930DE895 /* Debug.xcconfig */,
				22A457F9B4315F0E5EB5F05A /* Release.xcconfig */,
			);
			path = Configuration;
			sourceTree = "<group>";
		};
		74B32FF5BFA65DE4BCEC9300 /* Products */ = {
			isa = PBXGroup;
			children = (
				1F35F9F9484A493AB6EE7C5B /* NME.app */,
				DEEC62A055165C28704956C2 /* NMETests.xctest */,
				BC26256D67FAE849D605918A /* NMEUITests.xctest */,
			);
			name = Products;
			sourceTree = "<group>";
		};
		928B32FD9BF93F2A90CAC199 /* .well-known */ = {
			isa = PBXGroup;
			children = (
				FDCE1AA70AA444A46E3C9C97 /* apple-app-site-association */,
			);
			name = ".well-known";
			path = "../web/public/.well-known";
			sourceTree = "<group>";
		};
		C7D41EF838BDDD53430A3D8D /* Features */ = {
			isa = PBXGroup;
			children = (
				3F4DD8FEFC4E932F64375FD3 /* Chat */,
				58348762C784135A6A377120 /* Home */,
				59D87923AD969A0CA7387B9B /* Meeting */,
				0BDBA1852501E01BD72DA6B3 /* PreJoin */,
			);
			path = Features;
			sourceTree = "<group>";
		};
		D410486420B473BBB90B087B /* Crypto */ = {
			isa = PBXGroup;
			children = (
				F9B623C3C0A850C2486F2347 /* MessageCipher.swift */,
				76ED7E9D34A24A0D38BE46CE /* RoomCrypto.swift */,
			);
			path = Crypto;
			sourceTree = "<group>";
		};
		E0D4C5D1AD8363489D247DFA /* Domain */ = {
			isa = PBXGroup;
			children = (
				328AAFEF591DDA3C2EED2754 /* ChatMessage.swift */,
				7442A85CDE1BBC37B4B95CE9 /* MeetingError.swift */,
				8CB9CA56FD5407316FAE9040 /* MeetingModels.swift */,
				A14C530522D47CAF6B969690 /* RoomIdentity.swift */,
			);
			path = Domain;
			sourceTree = "<group>";
		};
/* End PBXGroup section */

/* Begin PBXNativeTarget section */
		5316E629CBE82509273FA8EE /* NME */ = {
			isa = PBXNativeTarget;
			buildConfigurationList = C66F898CDA0CB56A96281904 /* Build configuration list for PBXNativeTarget "NME" */;
			buildPhases = (
				85377EB1A4A8F4FC828D3C91 /* Sources */,
				F6E3E25E89DE480627912E38 /* Resources */,
				07F961A58D1658282502FA51 /* Frameworks */,
			);
			buildRules = (
			);
			dependencies = (
			);
			name = NME;
			packageProductDependencies = (
				E3D8B6088F6B4F9D08165F6E /* LiveKit */,
			);
			productName = NME;
			productReference = 1F35F9F9484A493AB6EE7C5B /* NME.app */;
			productType = "com.apple.product-type.application";
		};
		DFC27A06DA9D930EB6554F58 /* NMEUITests */ = {
			isa = PBXNativeTarget;
			buildConfigurationList = 5DB9DD54207EE05A42980E15 /* Build configuration list for PBXNativeTarget "NMEUITests" */;
			buildPhases = (
				1FC21899738A3ADA493EEE71 /* Sources */,
			);
			buildRules = (
			);
			dependencies = (
				9FC7CCC2FBD47036A9FF29CF /* PBXTargetDependency */,
			);
			name = NMEUITests;
			packageProductDependencies = (
			);
			productName = NMEUITests;
			productReference = BC26256D67FAE849D605918A /* NMEUITests.xctest */;
			productType = "com.apple.product-type.bundle.ui-testing";
		};
		E8EF92C23228FAFEB1C27793 /* NMETests */ = {
			isa = PBXNativeTarget;
			buildConfigurationList = E0A396725BE1B68C79B1F97C /* Build configuration list for PBXNativeTarget "NMETests" */;
			buildPhases = (
				4F6943C26904EAB0E76D8377 /* Sources */,
				F95DF210DDD172261D66646A /* Resources */,
			);
			buildRules = (
			);
			dependencies = (
				976489BBD64BD11AFE9DE27E /* PBXTargetDependency */,
			);
			name = NMETests;
			packageProductDependencies = (
			);
			productName = NMETests;
			productReference = DEEC62A055165C28704956C2 /* NMETests.xctest */;
			productType = "com.apple.product-type.bundle.unit-test";
		};
/* End PBXNativeTarget section */

/* Begin PBXProject section */
		ADD2717789C5F727C45BFD2A /* Project object */ = {
			isa = PBXProject;
			attributes = {
				BuildIndependentTargetsInParallel = YES;
				LastUpgradeCheck = 1430;
				TargetAttributes = {
					5316E629CBE82509273FA8EE = {
						DevelopmentTeam = WC955H63L3;
						ProvisioningStyle = Automatic;
					};
					DFC27A06DA9D930EB6554F58 = {
						TestTargetID = 5316E629CBE82509273FA8EE;
					};
				};
			};
			buildConfigurationList = F37633E42FE1BD41B3109266 /* Build configuration list for PBXProject "NME" */;
			developmentRegion = en;
			hasScannedForEncodings = 0;
			knownRegions = (
				Base,
				en,
			);
			mainGroup = 291C63CB179038DC328AB554;
			minimizedProjectReferenceProxies = 1;
			packageReferences = (
				D1D26BED464D4D150BC08090 /* XCRemoteSwiftPackageReference "client-sdk-swift" */,
			);
			preferredProjectObjectVersion = 77;
			productRefGroup = 74B32FF5BFA65DE4BCEC9300 /* Products */;
			projectDirPath = "";
			projectRoot = "";
			targets = (
				5316E629CBE82509273FA8EE /* NME */,
				E8EF92C23228FAFEB1C27793 /* NMETests */,
				DFC27A06DA9D930EB6554F58 /* NMEUITests */,
			);
		};
/* End PBXProject section */

/* Begin PBXResourcesBuildPhase section */
		F6E3E25E89DE480627912E38 /* Resources */ = {
			isa = PBXResourcesBuildPhase;
			buildActionMask = 2147483647;
			files = (
				B0F635D9B358801D394543D1 /* Assets.xcassets in Resources */,
				938A6085881083F80EBF199C /* PrivacyInfo.xcprivacy in Resources */,
			);
			runOnlyForDeploymentPostprocessing = 0;
		};
		F95DF210DDD172261D66646A /* Resources */ = {
			isa = PBXResourcesBuildPhase;
			buildActionMask = 2147483647;
			files = (
				9CFE8C3C4E9AC1A85516E7D9 /* NME.entitlements in Resources */,
				9BDE940E57C132608FA00464 /* apple-app-site-association in Resources */,
				46AFCCB28FAD141A5F745F20 /* project.yml in Resources */,
			);
			runOnlyForDeploymentPostprocessing = 0;
		};
/* End PBXResourcesBuildPhase section */

/* Begin PBXSourcesBuildPhase section */
		1FC21899738A3ADA493EEE71 /* Sources */ = {
			isa = PBXSourcesBuildPhase;
			buildActionMask = 2147483647;
			files = (
				81AE1CA1501B5F868FDE8365 /* NMEUITests.swift in Sources */,
			);
			runOnlyForDeploymentPostprocessing = 0;
		};
		4F6943C26904EAB0E76D8377 /* Sources */ = {
			isa = PBXSourcesBuildPhase;
			buildActionMask = 2147483647;
			files = (
				98920E9BC0B428F2F92DC137 /* APIClientTests.swift in Sources */,
				35DE2DAC1A65FE387CCA3BF2 /* AppCoordinatorTests.swift in Sources */,
				91FC0AC67E0FF8C421AF6248 /* AppLaunchTests.swift in Sources */,
				EB0860EDF7CD69CEF1225C12 /* AudioLifecycleTests.swift in Sources */,
				10AEFAB381766B360B653A04 /* ConfigurationTests.swift in Sources */,
				18AEEA2E933D3C3581E4DC05 /* CredentialStoreTests.swift in Sources */,
				666F8F74F2843A45E17C8080 /* HomeViewModelTests.swift in Sources */,
				392783BAF6B940A95733DA7C /* LiveKitTransportContractTests.swift in Sources */,
				36057E669340E5CB0873A8EF /* MediaKeyCompatibilityTests.swift in Sources */,
				DC13B011F606767E2F63C0E4 /* MeetingSessionTests.swift in Sources */,
				3BEFA2E14A04A6E2914D2EDF /* MeetingViewModelTests.swift in Sources */,
				504E9B2B5EE8602C2C56CA6A /* MessageCipherTests.swift in Sources */,
				86DD2A03E31993CA39C71A14 /* PreJoinViewModelTests.swift in Sources */,
				727E6B8143F5707937653965 /* RoomIdentityTests.swift in Sources */,
				2B4333CAAA67C7D88430C0A2 /* URLProtocolStub.swift in Sources */,
			);
			runOnlyForDeploymentPostprocessing = 0;
		};
		85377EB1A4A8F4FC828D3C91 /* Sources */ = {
			isa = PBXSourcesBuildPhase;
			buildActionMask = 2147483647;
			files = (
				0354D77B77DA8CF44A85BC61 /* APIClient.swift in Sources */,
				9E72B7AB0300E48BBDFCD4F8 /* APIModels.swift in Sources */,
				102C5BA6B0579F7908648EBB /* AppConfiguration.swift in Sources */,
				CFBAE4FF6A9D63253894C97E /* AppCoordinator.swift in Sources */,
				CF599AB9CB8D85F4CA2D9A00 /* AppEnvironment.swift in Sources */,
				38A2CE63CF088A69DA95F5BC /* AppLogger.swift in Sources */,
				5E3A433F945F915A2EE4ECF3 /* AppTheme.swift in Sources */,
				EFF8ABA2DD9849015B3E67C7 /* AudioLifecycle.swift in Sources */,
				3A8F992C3460F9E227A45713 /* ChatMessage.swift in Sources */,
				1DB6134B7942657C3ADC434D /* ChatView.swift in Sources */,
				B09F2C2C6E24AA1DD0CC8E57 /* CredentialStore.swift in Sources */,
				496067E567204CA341BDBB87 /* HomeView.swift in Sources */,
				BEB261E052E5DC5C97CCDB37 /* HomeViewModel.swift in Sources */,
				B17B87E86B19CAF6D722F9E3 /* KeychainClient.swift in Sources */,
				F31B69B646C483BAB9BBB677 /* LiveKitMeetingEngine.swift in Sources */,
				D28424B8E3E78F172FA1602B /* LiveKitWireContract.swift in Sources */,
				C5351CBFD5FACC599F377C91 /* MediaEncryptionConfiguration.swift in Sources */,
				3280D7A5ED8F082AEF9A1500 /* MeetingError.swift in Sources */,
				82C78FDEB792DCA3B7D48F3F /* MeetingModels.swift in Sources */,
				EAA09E5C3EBE04E318E4F5F7 /* MeetingSession.swift in Sources */,
				8BC220BBEB2375ABB53DD317 /* MeetingSessionProtocol.swift in Sources */,
				79658C1930B9C0612F86E6A6 /* MeetingToolbar.swift in Sources */,
				1DB998BE4E6598175A346AE0 /* MeetingView.swift in Sources */,
				198D7085FE0DF26A0F043E5E /* MeetingViewModel.swift in Sources */,
				6CCC0A81CA1FF0FAA06BA117 /* MessageCipher.swift in Sources */,
				B3015C77742ED05D57FCFACD /* NMEApp.swift in Sources */,
				DE9A7107964ACB9DFA957C16 /* ParticipantAccessPolicy.swift in Sources */,
				EB41A90EF483BF00F9EA0569 /* ParticipantTile.swift in Sources */,
				307D006D34D0CA0514164CEB /* PreJoinView.swift in Sources */,
				1FFD0B51081E031D458B1489 /* PreJoinViewModel.swift in Sources */,
				A4CF34F15586F8FD5CFF0F46 /* PreviewController.swift in Sources */,
				6B6C17841C817278240B7CAA /* RoomCrypto.swift in Sources */,
				16182A8CF2C5405A40755535 /* RoomIdentity.swift in Sources */,
			);
			runOnlyForDeploymentPostprocessing = 0;
		};
/* End PBXSourcesBuildPhase section */

/* Begin PBXTargetDependency section */
		976489BBD64BD11AFE9DE27E /* PBXTargetDependency */ = {
			isa = PBXTargetDependency;
			target = 5316E629CBE82509273FA8EE /* NME */;
			targetProxy = C191323A08D94450C26AB8FC /* PBXContainerItemProxy */;
		};
		9FC7CCC2FBD47036A9FF29CF /* PBXTargetDependency */ = {
			isa = PBXTargetDependency;
			target = 5316E629CBE82509273FA8EE /* NME */;
			targetProxy = C8DE36F0C31BC51B358EC6E7 /* PBXContainerItemProxy */;
		};
/* End PBXTargetDependency section */

/* Begin XCBuildConfiguration section */
		098B4988CC1E8A82110756B9 /* Release */ = {
			isa = XCBuildConfiguration;
			buildSettings = {
				BUNDLE_LOADER = "$(TEST_HOST)";
				GENERATE_INFOPLIST_FILE = YES;
				LD_RUNPATH_SEARCH_PATHS = (
					"$(inherited)",
					"@executable_path/Frameworks",
					"@loader_path/Frameworks",
				);
				PRODUCT_BUNDLE_IDENTIFIER = com.ctrlaltl.nme.uitests;
				SDKROOT = iphoneos;
				TARGETED_DEVICE_FAMILY = "1,2";
				TEST_TARGET_NAME = NME;
			};
			name = Release;
		};
		25CF6D247D24470A6AAA1F99 /* Debug */ = {
			isa = XCBuildConfiguration;
			buildSettings = {
				BUNDLE_LOADER = "$(TEST_HOST)";
				GENERATE_INFOPLIST_FILE = YES;
				LD_RUNPATH_SEARCH_PATHS = (
					"$(inherited)",
					"@executable_path/Frameworks",
					"@loader_path/Frameworks",
				);
				PRODUCT_BUNDLE_IDENTIFIER = com.ctrlaltl.nme.uitests;
				SDKROOT = iphoneos;
				TARGETED_DEVICE_FAMILY = "1,2";
				TEST_TARGET_NAME = NME;
			};
			name = Debug;
		};
		2727C72D10431E68F3D9B8E4 /* Debug */ = {
			isa = XCBuildConfiguration;
			baseConfigurationReference = 4CEFE8672C6A260F930DE895 /* Debug.xcconfig */;
			buildSettings = {
				ASSETCATALOG_COMPILER_APPICON_NAME = AppIcon;
				CODE_SIGN_ENTITLEMENTS = NME/Resources/NME.entitlements;
				CODE_SIGN_IDENTITY = "iPhone Developer";
				CODE_SIGN_STYLE = Automatic;
				DEVELOPMENT_TEAM = WC955H63L3;
				GENERATE_INFOPLIST_FILE = NO;
				INFOPLIST_FILE = NME/Resources/Info.plist;
				LD_RUNPATH_SEARCH_PATHS = (
					"$(inherited)",
					"@executable_path/Frameworks",
				);
				PRODUCT_BUNDLE_IDENTIFIER = com.ctrlaltl.nme;
				SDKROOT = iphoneos;
				SUPPORTS_MACCATALYST = NO;
				TARGETED_DEVICE_FAMILY = "1,2";
			};
			name = Debug;
		};
		298EC230A8ABD42A81C4D6EE /* Release */ = {
			isa = XCBuildConfiguration;
			buildSettings = {
				BUNDLE_LOADER = "$(TEST_HOST)";
				GENERATE_INFOPLIST_FILE = YES;
				LD_RUNPATH_SEARCH_PATHS = (
					"$(inherited)",
					"@executable_path/Frameworks",
					"@loader_path/Frameworks",
				);
				PRODUCT_BUNDLE_IDENTIFIER = com.ctrlaltl.nme.tests;
				SDKROOT = iphoneos;
				TARGETED_DEVICE_FAMILY = "1,2";
				TEST_HOST = "$(BUILT_PRODUCTS_DIR)/NME.app/NME";
			};
			name = Release;
		};
		9371D230FC9F525302558DF9 /* Debug */ = {
			isa = XCBuildConfiguration;
			buildSettings = {
				ALWAYS_SEARCH_USER_PATHS = NO;
				CLANG_ANALYZER_NONNULL = YES;
				CLANG_ANALYZER_NUMBER_OBJECT_CONVERSION = YES_AGGRESSIVE;
				CLANG_CXX_LANGUAGE_STANDARD = "gnu++14";
				CLANG_CXX_LIBRARY = "libc++";
				CLANG_ENABLE_MODULES = YES;
				CLANG_ENABLE_OBJC_ARC = YES;
				CLANG_ENABLE_OBJC_WEAK = YES;
				CLANG_WARN_BLOCK_CAPTURE_AUTORELEASING = YES;
				CLANG_WARN_BOOL_CONVERSION = YES;
				CLANG_WARN_COMMA = YES;
				CLANG_WARN_CONSTANT_CONVERSION = YES;
				CLANG_WARN_DEPRECATED_OBJC_IMPLEMENTATIONS = YES;
				CLANG_WARN_DIRECT_OBJC_ISA_USAGE = YES_ERROR;
				CLANG_WARN_DOCUMENTATION_COMMENTS = YES;
				CLANG_WARN_EMPTY_BODY = YES;
				CLANG_WARN_ENUM_CONVERSION = YES;
				CLANG_WARN_INFINITE_RECURSION = YES;
				CLANG_WARN_INT_CONVERSION = YES;
				CLANG_WARN_NON_LITERAL_NULL_CONVERSION = YES;
				CLANG_WARN_OBJC_IMPLICIT_RETAIN_SELF = YES;
				CLANG_WARN_OBJC_LITERAL_CONVERSION = YES;
				CLANG_WARN_OBJC_ROOT_CLASS = YES_ERROR;
				CLANG_WARN_QUOTED_INCLUDE_IN_FRAMEWORK_HEADER = YES;
				CLANG_WARN_RANGE_LOOP_ANALYSIS = YES;
				CLANG_WARN_STRICT_PROTOTYPES = YES;
				CLANG_WARN_SUSPICIOUS_MOVE = YES;
				CLANG_WARN_UNGUARDED_AVAILABILITY = YES_AGGRESSIVE;
				CLANG_WARN_UNREACHABLE_CODE = YES;
				CLANG_WARN__DUPLICATE_METHOD_MATCH = YES;
				COPY_PHASE_STRIP = NO;
				DEBUG_INFORMATION_FORMAT = dwarf;
				ENABLE_STRICT_OBJC_MSGSEND = YES;
				ENABLE_TESTABILITY = YES;
				GCC_C_LANGUAGE_STANDARD = gnu11;
				GCC_DYNAMIC_NO_PIC = NO;
				GCC_NO_COMMON_BLOCKS = YES;
				GCC_OPTIMIZATION_LEVEL = 0;
				GCC_PREPROCESSOR_DEFINITIONS = (
					"$(inherited)",
					"DEBUG=1",
				);
				GCC_WARN_64_TO_32_BIT_CONVERSION = YES;
				GCC_WARN_ABOUT_RETURN_TYPE = YES_ERROR;
				GCC_WARN_UNDECLARED_SELECTOR = YES;
				GCC_WARN_UNINITIALIZED_AUTOS = YES_AGGRESSIVE;
				GCC_WARN_UNUSED_FUNCTION = YES;
				GCC_WARN_UNUSED_VARIABLE = YES;
				IPHONEOS_DEPLOYMENT_TARGET = 16.4;
				MTL_ENABLE_DEBUG_INFO = INCLUDE_SOURCE;
				MTL_FAST_MATH = YES;
				ONLY_ACTIVE_ARCH = YES;
				PRODUCT_NAME = "$(TARGET_NAME)";
				SDKROOT = iphoneos;
				SWIFT_ACTIVE_COMPILATION_CONDITIONS = DEBUG;
				SWIFT_OPTIMIZATION_LEVEL = "-Onone";
				SWIFT_STRICT_CONCURRENCY = complete;
				SWIFT_VERSION = 6.0;
			};
			name = Debug;
		};
		9BA299FF0ACB1784BFBDA050 /* Release */ = {
			isa = XCBuildConfiguration;
			baseConfigurationReference = 22A457F9B4315F0E5EB5F05A /* Release.xcconfig */;
			buildSettings = {
				ASSETCATALOG_COMPILER_APPICON_NAME = AppIcon;
				CODE_SIGN_ENTITLEMENTS = NME/Resources/NME.entitlements;
				CODE_SIGN_IDENTITY = "iPhone Developer";
				CODE_SIGN_STYLE = Automatic;
				DEVELOPMENT_TEAM = WC955H63L3;
				GENERATE_INFOPLIST_FILE = NO;
				INFOPLIST_FILE = NME/Resources/Info.plist;
				LD_RUNPATH_SEARCH_PATHS = (
					"$(inherited)",
					"@executable_path/Frameworks",
				);
				PRODUCT_BUNDLE_IDENTIFIER = com.ctrlaltl.nme;
				SDKROOT = iphoneos;
				SUPPORTS_MACCATALYST = NO;
				TARGETED_DEVICE_FAMILY = "1,2";
			};
			name = Release;
		};
		D357E9C513005ACD42EFA062 /* Debug */ = {
			isa = XCBuildConfiguration;
			buildSettings = {
				BUNDLE_LOADER = "$(TEST_HOST)";
				GENERATE_INFOPLIST_FILE = YES;
				LD_RUNPATH_SEARCH_PATHS = (
					"$(inherited)",
					"@executable_path/Frameworks",
					"@loader_path/Frameworks",
				);
				PRODUCT_BUNDLE_IDENTIFIER = com.ctrlaltl.nme.tests;
				SDKROOT = iphoneos;
				TARGETED_DEVICE_FAMILY = "1,2";
				TEST_HOST = "$(BUILT_PRODUCTS_DIR)/NME.app/NME";
			};
			name = Debug;
		};
		DD5635E105BF48B1C4D9C9D2 /* Release */ = {
			isa = XCBuildConfiguration;
			buildSettings = {
				ALWAYS_SEARCH_USER_PATHS = NO;
				CLANG_ANALYZER_NONNULL = YES;
				CLANG_ANALYZER_NUMBER_OBJECT_CONVERSION = YES_AGGRESSIVE;
				CLANG_CXX_LANGUAGE_STANDARD = "gnu++14";
				CLANG_CXX_LIBRARY = "libc++";
				CLANG_ENABLE_MODULES = YES;
				CLANG_ENABLE_OBJC_ARC = YES;
				CLANG_ENABLE_OBJC_WEAK = YES;
				CLANG_WARN_BLOCK_CAPTURE_AUTORELEASING = YES;
				CLANG_WARN_BOOL_CONVERSION = YES;
				CLANG_WARN_COMMA = YES;
				CLANG_WARN_CONSTANT_CONVERSION = YES;
				CLANG_WARN_DEPRECATED_OBJC_IMPLEMENTATIONS = YES;
				CLANG_WARN_DIRECT_OBJC_ISA_USAGE = YES_ERROR;
				CLANG_WARN_DOCUMENTATION_COMMENTS = YES;
				CLANG_WARN_EMPTY_BODY = YES;
				CLANG_WARN_ENUM_CONVERSION = YES;
				CLANG_WARN_INFINITE_RECURSION = YES;
				CLANG_WARN_INT_CONVERSION = YES;
				CLANG_WARN_NON_LITERAL_NULL_CONVERSION = YES;
				CLANG_WARN_OBJC_IMPLICIT_RETAIN_SELF = YES;
				CLANG_WARN_OBJC_LITERAL_CONVERSION = YES;
				CLANG_WARN_OBJC_ROOT_CLASS = YES_ERROR;
				CLANG_WARN_QUOTED_INCLUDE_IN_FRAMEWORK_HEADER = YES;
				CLANG_WARN_RANGE_LOOP_ANALYSIS = YES;
				CLANG_WARN_STRICT_PROTOTYPES = YES;
				CLANG_WARN_SUSPICIOUS_MOVE = YES;
				CLANG_WARN_UNGUARDED_AVAILABILITY = YES_AGGRESSIVE;
				CLANG_WARN_UNREACHABLE_CODE = YES;
				CLANG_WARN__DUPLICATE_METHOD_MATCH = YES;
				COPY_PHASE_STRIP = NO;
				DEBUG_INFORMATION_FORMAT = "dwarf-with-dsym";
				ENABLE_NS_ASSERTIONS = NO;
				ENABLE_STRICT_OBJC_MSGSEND = YES;
				GCC_C_LANGUAGE_STANDARD = gnu11;
				GCC_NO_COMMON_BLOCKS = YES;
				GCC_WARN_64_TO_32_BIT_CONVERSION = YES;
				GCC_WARN_ABOUT_RETURN_TYPE = YES_ERROR;
				GCC_WARN_UNDECLARED_SELECTOR = YES;
				GCC_WARN_UNINITIALIZED_AUTOS = YES_AGGRESSIVE;
				GCC_WARN_UNUSED_FUNCTION = YES;
				GCC_WARN_UNUSED_VARIABLE = YES;
				IPHONEOS_DEPLOYMENT_TARGET = 16.4;
				MTL_ENABLE_DEBUG_INFO = NO;
				MTL_FAST_MATH = YES;
				PRODUCT_NAME = "$(TARGET_NAME)";
				SDKROOT = iphoneos;
				SWIFT_COMPILATION_MODE = wholemodule;
				SWIFT_OPTIMIZATION_LEVEL = "-O";
				SWIFT_STRICT_CONCURRENCY = complete;
				SWIFT_VERSION = 6.0;
			};
			name = Release;
		};
/* End XCBuildConfiguration section */

/* Begin XCConfigurationList section */
		5DB9DD54207EE05A42980E15 /* Build configuration list for PBXNativeTarget "NMEUITests" */ = {
			isa = XCConfigurationList;
			buildConfigurations = (
				25CF6D247D24470A6AAA1F99 /* Debug */,
				098B4988CC1E8A82110756B9 /* Release */,
			);
			defaultConfigurationIsVisible = 0;
			defaultConfigurationName = Debug;
		};
		C66F898CDA0CB56A96281904 /* Build configuration list for PBXNativeTarget "NME" */ = {
			isa = XCConfigurationList;
			buildConfigurations = (
				2727C72D10431E68F3D9B8E4 /* Debug */,
				9BA299FF0ACB1784BFBDA050 /* Release */,
			);
			defaultConfigurationIsVisible = 0;
			defaultConfigurationName = Debug;
		};
		E0A396725BE1B68C79B1F97C /* Build configuration list for PBXNativeTarget "NMETests" */ = {
			isa = XCConfigurationList;
			buildConfigurations = (
				D357E9C513005ACD42EFA062 /* Debug */,
				298EC230A8ABD42A81C4D6EE /* Release */,
			);
			defaultConfigurationIsVisible = 0;
			defaultConfigurationName = Debug;
		};
		F37633E42FE1BD41B3109266 /* Build configuration list for PBXProject "NME" */ = {
			isa = XCConfigurationList;
			buildConfigurations = (
				9371D230FC9F525302558DF9 /* Debug */,
				DD5635E105BF48B1C4D9C9D2 /* Release */,
			);
			defaultConfigurationIsVisible = 0;
			defaultConfigurationName = Debug;
		};
/* End XCConfigurationList section */

/* Begin XCRemoteSwiftPackageReference section */
		D1D26BED464D4D150BC08090 /* XCRemoteSwiftPackageReference "client-sdk-swift" */ = {
			isa = XCRemoteSwiftPackageReference;
			repositoryURL = "https://github.com/livekit/client-sdk-swift.git";
			requirement = {
				kind = exactVersion;
				version = 2.13.0;
			};
		};
/* End XCRemoteSwiftPackageReference section */

/* Begin XCSwiftPackageProductDependency section */
		E3D8B6088F6B4F9D08165F6E /* LiveKit */ = {
			isa = XCSwiftPackageProductDependency;
			package = D1D26BED464D4D150BC08090 /* XCRemoteSwiftPackageReference "client-sdk-swift" */;
			productName = LiveKit;
		};
/* End XCSwiftPackageProductDependency section */
	};
	rootObject = ADD2717789C5F727C45BFD2A /* Project object */;
}
